// !$*UTF8*$!
{
	archiveVersion = 1;
	classes = {
	};
	objectVersion = 56;
	objects = {

/* Begin PBXBuildFile section */
		CA8E00042B3477CC0002273F /* swiftui_fruits_app_ios16App.swift in Sources */ = {isa = PBXBuildFile; fileRef = CA8E00032B3477CC0002273F /* swiftui_fruits_app_ios16App.swift */; };
		CA8E00062B3477CC0002273F /* ContentView.swift in Sources */ = {isa = PBXBuildFile; fileRef = CA8E00052B3477CC0002273F /* ContentView.swift */; };
		CA8E00082B3477D00002273F /* Assets.xcassets in Resources */ = {isa = PBXBuildFile; fileRef = CA8E00072B3477D00002273F /* Assets.xcassets */; };
		CA8E000B2B3477D00002273F /* Preview Assets.xcassets in Resources */ = {isa = PBXBuildFile; fileRef = CA8E000A2B3477D00002273F /* Preview Assets.xcassets */; };
		CA8E00142B34FE450002273F /* FruitCardView.swift in Sources */ = {isa = PBXBuildFile; fileRef = CA8E00132B34FE450002273F /* FruitCardView.swift */; };
		CA8E00162B35F4530002273F /* StartButtonView.swift in Sources */ = {isa = PBXBuildFile; fileRef = CA8E00152B35F4530002273F /* StartButtonView.swift */; };
		CA8E00182B3608680002273F /* OnboardingView.swift in Sources */ = {isa = PBXBuildFile; fileRef = CA8E00172B3608680002273F /* OnboardingView.swift */; };
		CA8E001B2B3F23580002273F /* FruitModel.swift in Sources */ = {isa = PBXBuildFile; fileRef = CA8E001A2B3F23580002273F /* FruitModel.swift */; };
		CA8E001E2B4308F70002273F /* FruitData.swift in Sources */ = {isa = PBXBuildFile; fileRef = CA8E001D2B4308F70002273F /* FruitData.swift */; };
		CA8E00222B45A8920002273F /* FruitRowView.swift in Sources */ = {isa = PBXBuildFile; fileRef = CA8E00212B45A8920002273F /* FruitRowView.swift */; };
		CABC5D072B45F2740094B9CB /* FruitDetailView.swift in Sources */ = {isa = PBXBuildFile; fileRef = CABC5D062B45F2740094B9CB /* FruitDetailView.swift */; };
		CABC5D092B4728070094B9CB /* FruitHeaderView.swift in Sources */ = {isa = PBXBuildFile; fileRef = CABC5D082B4728070094B9CB /* FruitHeaderView.swift */; };
		CABC5D0B2B4824C50094B9CB /* SourceLinkView.swift in Sources */ = {isa = PBXBuildFile; fileRef = CABC5D0A2B4824C50094B9CB /* SourceLinkView.swift */; };
		CAD601162B484927003DB317 /* FruitNutrientsView.swift in Sources */ = {isa = PBXBuildFile; fileRef = CAD601152B484927003DB317 /* FruitNutrientsView.swift */; };
		CAD601182B486D15003DB317 /* SettingsView.swift in Sources */ = {isa = PBXBuildFile; fileRef = CAD601172B486D15003DB317 /* SettingsView.swift */; };
		CAD6011A2B489499003DB317 /* SettingsLabelView.swift in Sources */ = {isa = PBXBuildFile; fileRef = CAD601192B489499003DB317 /* SettingsLabelView.swift */; };
/* End PBXBuildFile section */

/* Begin PBXFileReference section */
		CA8E00002B3477CC0002273F /* swiftui-fruits-app-ios16.app */ = {isa = PBXFileReference; explicitFileType = wrapper.application; includeInIndex = 0; path = "swiftui-fruits-app-ios16.app"; sourceTree = BUILT_PRODUCTS_DIR; };
		CA8E00032B3477CC0002273F /* swiftui_fruits_app_ios16App.swift */ = {isa = PBXFileReference; lastKnownFileType = sourcecode.swift; path = swiftui_fruits_app_ios16App.swift; sourceTree = "<group>"; };
		CA8E00052B3477CC0002273F /* ContentView.swift */ = {isa = PBXFileReference; lastKnownFileType = sourcecode.swift; path = ContentView.swift; sourceTree = "<group>"; };
		CA8E00072B3477D00002273F /* Assets.xcassets */ = {isa = PBXFileReference; lastKnownFileType = folder.assetcatalog; path = Assets.xcassets; sourceTree = "<group>"; };
		CA8E000A2B3477D00002273F /* Preview Assets.xcassets */ = {isa = PBXFileReference; lastKnownFileType = folder.assetcatalog; path = "Preview Assets.xcassets"; sourceTree = "<group>"; };
		CA8E00132B34FE450002273F /* FruitCardView.swift */ = {isa = PBXFileReference; lastKnownFileType = sourcecode.swift; path = FruitCardView.swift; sourceTree = "<group>"; };
		CA8E00152B35F4530002273F /* StartButtonView.swift */ = {isa = PBXFileReference; lastKnownFileType = sourcecode.swift; path = StartButtonView.swift; sourceTree = "<group>"; };
		CA8E00172B3608680002273F /* OnboardingView.swift */ = {isa = PBXFileReference; lastKnownFileType = sourcecode.swift; path = OnboardingView.swift; sourceTree = "<group>"; };
		CA8E001A2B3F23580002273F /* FruitModel.swift */ = {isa = PBXFileReference; lastKnownFileType = sourcecode.swift; path = FruitModel.swift; sourceTree = "<group>"; };
		CA8E001D2B4308F70002273F /* FruitData.swift */ = {isa = PBXFileReference; lastKnownFileType = sourcecode.swift; path = FruitData.swift; sourceTree = "<group>"; };
		CA8E00212B45A8920002273F /* FruitRowView.swift */ = {isa = PBXFileReference; lastKnownFileType = sourcecode.swift; path = FruitRowView.swift; sourceTree = "<group>"; };
		CABC5D062B45F2740094B9CB /* FruitDetailView.swift */ = {isa = PBXFileReference; lastKnownFileType = sourcecode.swift; path = FruitDetailView.swift; sourceTree = "<group>"; };
		CABC5D082B4728070094B9CB /* FruitHeaderView.swift */ = {isa = PBXFileReference; lastKnownFileType = sourcecode.swift; path = FruitHeaderView.swift; sourceTree = "<group>"; };
		CABC5D0A2B4824C50094B9CB /* SourceLinkView.swift */ = {isa = PBXFileReference; lastKnownFileType = sourcecode.swift; path = SourceLinkView.swift; sourceTree = "<group>"; };
		CAD601152B484927003DB317 /* FruitNutrientsView.swift */ = {isa = PBXFileReference; lastKnownFileType = sourcecode.swift; path = FruitNutrientsView.swift; sourceTree = "<group>"; };
		CAD601172B486D15003DB317 /* SettingsView.swift */ = {isa = PBXFileReference; lastKnownFileType = sourcecode.swift; path = SettingsView.swift; sourceTree = "<group>"; };
		CAD601192B489499003DB317 /* SettingsLabelView.swift */ = {isa = PBXFileReference; lastKnownFileType = sourcecode.swift; path = SettingsLabelView.swift; sourceTree = "<group>"; };
/* End PBXFileReference section */

/* Begin PBXFrameworksBuildPhase section */
		CA8EFFFD2B3477CC0002273F /* Frameworks */ = {
			isa = PBXFrameworksBuildPhase;
			buildActionMask = 2147483647;
			files = (
			);
			runOnlyForDeploymentPostprocessing = 0;
		};
/* End PBXFrameworksBuildPhase section */

/* Begin PBXGroup section */
		CA8E00012B3477CC0002273F /* Products */ = {
			isa = PBXGroup;
			children = (
				CA8E00002B3477CC0002273F /* swiftui-fruits-app-ios16.app */,
			);
			name = Products;
			sourceTree = "<group>";
		};
		CA8E00022B3477CC0002273F /* swiftui-fruits-app-ios16 */ = {
			isa = PBXGroup;
			children = (
				CA8E001C2B4308C80002273F /* Data */,
				CA8E00192B3F23340002273F /* Models */,
				CA8E00122B3477F40002273F /* Views */,
				CA8E00112B3477E50002273F /* Screens */,
				CA8E00032B3477CC0002273F /* swiftui_fruits_app_ios16App.swift */,
				CA8E00072B3477D00002273F /* Assets.xcassets */,
				CA8E00092B3477D00002273F /* Preview Content */,
			);
			path = "swiftui-fruits-app-ios16";
			sourceTree = "<group>";
		};
		CA8E00092B3477D00002273F /* Preview Content */ = {
			isa = PBXGroup;
			children = (
				CA8E000A2B3477D00002273F /* Preview Assets.xcassets */,
			);
			path = "Preview Content";
			sourceTree = "<group>";
		};
		CA8E00112B3477E50002273F /* Screens */ = {
			isa = PBXGroup;
			children = (
				CABC5D062B45F2740094B9CB /* FruitDetailView.swift */,
				CA8E00052B3477CC0002273F /* ContentView.swift */,
				CA8E00172B3608680002273F /* OnboardingView.swift */,
				CAD601172B486D15003DB317 /* SettingsView.swift */,
			);
			path = Screens;
			sourceTree = "<group>";
		};
		CA8E00122B3477F40002273F /* Views */ = {
			isa = PBXGroup;
			children = (
				CA8E00132B34FE450002273F /* FruitCardView.swift */,
				CA8E00152B35F4530002273F /* StartButtonView.swift */,
				CA8E00212B45A8920002273F /* FruitRowView.swift */,
				CABC5D082B4728070094B9CB /* FruitHeaderView.swift */,
				CABC5D0A2B4824C50094B9CB /* SourceLinkView.swift */,
				CAD601152B484927003DB317 /* FruitNutrientsView.swift */,
				CAD601192B489499003DB317 /* SettingsLabelView.swift */,
			);
			path = Views;
			sourceTree = "<group>";
		};
		CA8E00192B3F23340002273F /* Models */ = {
			isa = PBXGroup;
			children = (
				CA8E001A2B3F23580002273F /* FruitModel.swift */,
			);
			path = Models;
			sourceTree = "<group>";
		};
		CA8E001C2B4308C80002273F /* Data */ = {
			isa = PBXGroup;
			children = (
				CA8E001D2B4308F70002273F /* FruitData.swift */,
			);
			path = Data;
			sourceTree = "<group>";
		};
		CA8EFFF72B3477CC0002273F = {
			isa = PBXGroup;
			children = (
				CA8E00022B3477CC0002273F /* swiftui-fruits-app-ios16 */,
				CA8E00012B3477CC0002273F /* Products */,
			);
			sourceTree = "<group>";
		};
/* End PBXGroup section */

/* Begin PBXNativeTarget section */
		CA8EFFFF2B3477CC0002273F /* swiftui-fruits-app-ios16 */ = {
			isa = PBXNativeTarget;
			buildConfigurationList = CA8E000E2B3477D00002273F /* Build configuration list for PBXNativeTarget "swiftui-fruits-app-ios16" */;
			buildPhases = (
				CA8EFFFC2B3477CC0002273F /* Sources */,
				CA8EFFFD2B3477CC0002273F /* Frameworks */,
				CA8EFFFE2B3477CC0002273F /* Resources */,
			);
			buildRules = (
			);
			dependencies = (
			);
			name = "swiftui-fruits-app-ios16";
			productName = "swiftui-fruits-app-ios16";
			productReference = CA8E00002B3477CC0002273F /* swiftui-fruits-app-ios16.app */;
			productType = "com.apple.product-type.application";
		};
/* End PBXNativeTarget section */

/* Begin PBXProject section */
		CA8EFFF82B3477CC0002273F /* Project object */ = {
			isa = PBXProject;
			attributes = {
				BuildIndependentTargetsInParallel = 1;
				LastSwiftUpdateCheck = 1500;
				LastUpgradeCheck = 1500;
				TargetAttributes = {
					CA8EFFFF2B3477CC0002273F = {
						CreatedOnToolsVersion = 15.0;
					};
				};
			};
			buildConfigurationList = CA8EFFFB2B3477CC0002273F /* Build configuration list for PBXProject "swiftui-fruits-app-ios16" */;
			compatibilityVersion = "Xcode 14.0";
			developmentRegion = en;
			hasScannedForEncodings = 0;
			knownRegions = (
				en,
				Base,
			);
			mainGroup = CA8EFFF72B3477CC0002273F;
			productRefGroup = CA8E00012B3477CC0002273F /* Products */;
			projectDirPath = "";
			projectRoot = "";
			targets = (
				CA8EFFFF2B3477CC0002273F /* swiftui-fruits-app-ios16 */,
			);
		};
/* End PBXProject section */

/* Begin PBXResourcesBuildPhase section */
		CA8EFFFE2B3477CC0002273F /* Resources */ = {
			isa = PBXResourcesBuildPhase;
			buildActionMask = 2147483647;
			files = (
				CA8E000B2B3477D00002273F /* Preview Assets.xcassets in Resources */,
				CA8E00082B3477D00002273F /* Assets.xcassets in Resources */,
			);
			runOnlyForDeploymentPostprocessing = 0;
		};
/* End PBXResourcesBuildPhase section */

/* Begin PBXSourcesBuildPhase section */
		CA8EFFFC2B3477CC0002273F /* Sources */ = {
			isa = PBXSourcesBuildPhase;
			buildActionMask = 2147483647;
			files = (
				CA8E001E2B4308F70002273F /* FruitData.swift in Sources */,
				CABC5D0B2B4824C50094B9CB /* SourceLinkView.swift in Sources */,
				CA8E00142B34FE450002273F /* FruitCardView.swift in Sources */,
				CA8E00222B45A8920002273F /* FruitRowView.swift in Sources */,
				CAD601162B484927003DB317 /* FruitNutrientsView.swift in Sources */,
				CA8E00162B35F4530002273F /* StartButtonView.swift in Sources */,
				CABC5D072B45F2740094B9CB /* FruitDetailView.swift in Sources */,
				CA8E00062B3477CC0002273F /* ContentView.swift in Sources */,
				CABC5D092B4728070094B9CB /* FruitHeaderView.swift in Sources */,
				CA8E00182B3608680002273F /* OnboardingView.swift in Sources */,
				CAD6011A2B489499003DB317 /* SettingsLabelView.swift in Sources */,
				CA8E001B2B3F23580002273F /* FruitModel.swift in Sources */,
				CA8E00042B3477CC0002273F /* swiftui_fruits_app_ios16App.swift in Sources */,
				CAD601182B486D15003DB317 /* SettingsView.swift in Sources */,
			);
			runOnlyForDeploymentPostprocessing = 0;
		};
/* End PBXSourcesBuildPhase section */

/* Begin XCBuildConfiguration section */
		CA8E000C2B3477D00002273F /* Debug */ = {
			isa = XCBuildConfiguration;
			buildSettings = {
				ALWAYS_SEARCH_USER_PATHS = NO;
				ASSETCATALOG_COMPILER_GENERATE_SWIFT_ASSET_SYMBOL_EXTENSIONS = YES;
				CLANG_ANALYZER_NONNULL = YES;
				CLANG_ANALYZER_NUMBER_OBJECT_CONVERSION = YES_AGGRESSIVE;
				CLANG_CXX_LANGUAGE_STANDARD = "gnu++20";
				CLANG_ENABLE_MODULES = YES;
				CLANG_ENABLE_OBJC_ARC = YES;
				CLANG_ENABLE_OBJC_WEAK = YES;
				CLANG_WARN_BLOCK_CAPTURE_AUTORELEASING = YES;
				CLANG_WARN_BOOL_CONVERSION = YES;
				CLANG_WARN_COMMA = YES;
				CLANG_WARN_CONSTANT_CONVERSION = YES;
				CLANG_WARN_DEPRECATED_OBJC_IMPLEMENTATIONS = YES;
				CLANG_WARN_DIRECT_OBJC_ISA_USAGE = YES_ERROR;
				CLANG_WARN_DOCUMENTATION_COMMENTS = YES;
				CLANG_WARN_EMPTY_BODY = YES;
				CLANG_WARN_ENUM_CONVERSION = YES;
				CLANG_WARN_INFINITE_RECURSION = YES;
				CLANG_WARN_INT_CONVERSION = YES;
				CLANG_WARN_NON_LITERAL_NULL_CONVERSION = YES;
				CLANG_WARN_OBJC_IMPLICIT_RETAIN_SELF = YES;
				CLANG_WARN_OBJC_LITERAL_CONVERSION = YES;
				CLANG_WARN_OBJC_ROOT_CLASS = YES_ERROR;
				CLANG_WARN_QUOTED_INCLUDE_IN_FRAMEWORK_HEADER = YES;
				CLANG_WARN_RANGE_LOOP_ANALYSIS = YES;
				CLANG_WARN_STRICT_PROTOTYPES = YES;
				CLANG_WARN_SUSPICIOUS_MOVE = YES;
				CLANG_WARN_UNGUARDED_AVAILABILITY = YES_AGGRESSIVE;
				CLANG_WARN_UNREACHABLE_CODE = YES;
				CLANG_WARN__DUPLICATE_METHOD_MATCH = YES;
				COPY_PHASE_STRIP = NO;
				DEBUG_INFORMATION_FORMAT = dwarf;
				ENABLE_STRICT_OBJC_MSGSEND = YES;
				ENABLE_TESTABILITY = YES;
				ENABLE_USER_SCRIPT_SANDBOXING = YES;
				GCC_C_LANGUAGE_STANDARD = gnu17;
				GCC_DYNAMIC_NO_PIC = NO;
				GCC_NO_COMMON_BLOCKS = YES;
				GCC_OPTIMIZATION_LEVEL = 0;
				GCC_PREPROCESSOR_DEFINITIONS = (
					"DEBUG=1",
					"$(inherited)",
				);
				GCC_WARN_64_TO_32_BIT_CONVERSION = YES;
				GCC_WARN_ABOUT_RETURN_TYPE = YES_ERROR;
				GCC_WARN_UNDECLARED_SELECTOR = YES;
				GCC_WARN_UNINITIALIZED_AUTOS = YES_AGGRESSIVE;
				GCC_WARN_UNUSED_FUNCTION = YES;
				GCC_WARN_UNUSED_VARIABLE = YES;
				IPHONEOS_DEPLOYMENT_TARGET = 16.0;
				LOCALIZATION_PREFERS_STRING_CATALOGS = YES;
				MTL_ENABLE_DEBUG_INFO = INCLUDE_SOURCE;
				MTL_FAST_MATH = YES;
				ONLY_ACTIVE_ARCH = YES;
				SDKROOT = iphoneos;
				SWIFT_ACTIVE_COMPILATION_CONDITIONS = "DEBUG $(inherited)";
				SWIFT_OPTIMIZATION_LEVEL = "-Onone";
			};
			name = Debug;
		};
		CA8E000D2B3477D00002273F /* Release */ = {
			isa = XCBuildConfiguration;
			buildSettings = {
				ALWAYS_SEARCH_USER_PATHS = NO;
				ASSETCATALOG_COMPILER_GENERATE_SWIFT_ASSET_SYMBOL_EXTENSIONS = YES;
				CLANG_ANALYZER_NONNULL = YES;
				CLANG_ANALYZER_NUMBER_OBJECT_CONVERSION = YES_AGGRESSIVE;
				CLANG_CXX_LANGUAGE_STANDARD = "gnu++20";
				CLANG_ENABLE_MODULES = YES;
				CLANG_ENABLE_OBJC_ARC = YES;
				CLANG_ENABLE_OBJC_WEAK = YES;
				CLANG_WARN_BLOCK_CAPTURE_AUTORELEASING = YES;
				CLANG_WARN_BOOL_CONVERSION = YES;
				CLANG_WARN_COMMA = YES;
				CLANG_WARN_CONSTANT_CONVERSION = YES;
				CLANG_WARN_DEPRECATED_OBJC_IMPLEMENTATIONS = YES;
				CLANG_WARN_DIRECT_OBJC_ISA_USAGE = YES_ERROR;
				CLANG_WARN_DOCUMENTATION_COMMENTS = YES;
				CLANG_WARN_EMPTY_BODY = YES;
				CLANG_WARN_ENUM_CONVERSION = YES;
				CLANG_WARN_INFINITE_RECURSION = YES;
				CLANG_WARN_INT_CONVERSION = YES;
				CLANG_WARN_NON_LITERAL_NULL_CONVERSION = YES;
				CLANG_WARN_OBJC_IMPLICIT_RETAIN_SELF = YES;
				CLANG_WARN_OBJC_LITERAL_CONVERSION = YES;
				CLANG_WARN_OBJC_ROOT_CLASS = YES_ERROR;
				CLANG_WARN_QUOTED_INCLUDE_IN_FRAMEWORK_HEADER = YES;
				CLANG_WARN_RANGE_LOOP_ANALYSIS = YES;
				CLANG_WARN_STRICT_PROTOTYPES = YES;
				CLANG_WARN_SUSPICIOUS_MOVE = YES;
				CLANG_WARN_UNGUARDED_AVAILABILITY = YES_AGGRESSIVE;
				CLANG_WARN_UNREACHABLE_CODE = YES;
				CLANG_WARN__DUPLICATE_METHOD_MATCH = YES;
				COPY_PHASE_STRIP = NO;
				DEBUG_INFORMATION_FORMAT = "dwarf-with-dsym";
				ENABLE_NS_ASSERTIONS = NO;
				ENABLE_STRICT_OBJC_MSGSEND = YES;
				ENABLE_USER_SCRIPT_SANDBOXING = YES;
				GCC_C_LANGUAGE_STANDARD = gnu17;
				GCC_NO_COMMON_BLOCKS = YES;
				GCC_WARN_64_TO_32_BIT_CONVERSION = YES;
				GCC_WARN_ABOUT_RETURN_TYPE = YES_ERROR;
				GCC_WARN_UNDECLARED_SELECTOR = YES;
				GCC_WARN_UNINITIALIZED_AUTOS = YES_AGGRESSIVE;
				GCC_WARN_UNUSED_FUNCTION = YES;
				GCC_WARN_UNUSED_VARIABLE = YES;
				IPHONEOS_DEPLOYMENT_TARGET = 16.0;
				LOCALIZATION_PREFERS_STRING_CATALOGS = YES;
				MTL_ENABLE_DEBUG_INFO = NO;
				MTL_FAST_MATH = YES;
				SDKROOT = iphoneos;
				SWIFT_COMPILATION_MODE = wholemodule;
				VALIDATE_PRODUCT = YES;
			};
			name = Release;
		};
		CA8E000F2B3477D00002273F /* Debug */ = {
			isa = XCBuildConfiguration;
			buildSettings = {
				ASSETCATALOG_COMPILER_APPICON_NAME = AppIcon;
				ASSETCATALOG_COMPILER_GLOBAL_ACCENT_COLOR_NAME = AccentColor;
				CODE_SIGN_STYLE = Automatic;
				CURRENT_PROJECT_VERSION = 1;
				DEVELOPMENT_ASSET_PATHS = "\"swiftui-fruits-app-ios16/Preview Content\"";
				DEVELOPMENT_TEAM = 8NBCXA89KF;
				ENABLE_PREVIEWS = YES;
				GENERATE_INFOPLIST_FILE = YES;
				INFOPLIST_KEY_UIApplicationSceneManifest_Generation = YES;
				INFOPLIST_KEY_UIApplicationSupportsIndirectInputEvents = YES;
				INFOPLIST_KEY_UILaunchScreen_Generation = YES;
				INFOPLIST_KEY_UISupportedInterfaceOrientations = UIInterfaceOrientationPortrait;
				IPHONEOS_DEPLOYMENT_TARGET = 16.0;
				LD_RUNPATH_SEARCH_PATHS = (
					"$(inherited)",
					"@executable_path/Frameworks",
				);
				MARKETING_VERSION = 1.0;
				PRODUCT_BUNDLE_IDENTIFIER = "svponomarenko.swiftui-fruits-app-ios16";
				PRODUCT_NAME = "$(TARGET_NAME)";
				SWIFT_EMIT_LOC_STRINGS = YES;
				SWIFT_VERSION = 5.0;
				TARGETED_DEVICE_FAMILY = "1,2";
			};
			name = Debug;
		};
		CA8E00102B3477D00002273F /* Release */ = {
			isa = XCBuildConfiguration;
			buildSettings = {
				ASSETCATALOG_COMPILER_APPICON_NAME = AppIcon;
				ASSETCATALOG_COMPILER_GLOBAL_ACCENT_COLOR_NAME = AccentColor;
				CODE_SIGN_STYLE = Automatic;
				CURRENT_PROJECT_VERSION = 1;
				DEVELOPMENT_ASSET_PATHS = "\"swiftui-fruits-app-ios16/Preview Content\"";
				DEVELOPMENT_TEAM = 8NBCXA89KF;
				ENABLE_PREVIEWS = YES;
				GENERATE_INFOPLIST_FILE = YES;
				INFOPLIST_KEY_UIApplicationSceneManifest_Generation = YES;
				INFOPLIST_KEY_UIApplicationSupportsIndirectInputEvents = YES;
				INFOPLIST_KEY_UILaunchScreen_Generation = YES;
				INFOPLIST_KEY_UISupportedInterfaceOrientations = UIInterfaceOrientationPortrait;
				IPHONEOS_DEPLOYMENT_TARGET = 16.0;
				LD_RUNPATH_SEARCH_PATHS = (
					"$(inherited)",
					"@executable_path/Frameworks",
				);
				MARKETING_VERSION = 1.0;
				PRODUCT_BUNDLE_IDENTIFIER = "svponomarenko.swiftui-fruits-app-ios16";
				PRODUCT_NAME = "$(TARGET_NAME)";
				SWIFT_EMIT_LOC_STRINGS = YES;
				SWIFT_VERSION = 5.0;
				TARGETED_DEVICE_FAMILY = "1,2";
			};
			name = Release;
		};
/* End XCBuildConfiguration section */

/* Begin XCConfigurationList section */
		CA8E000E2B3477D00002273F /* Build configuration list for PBXNativeTarget "swiftui-fruits-app-ios16" */ = {
			isa = XCConfigurationList;
			buildConfigurations = (
				CA8E000F2B3477D00002273F /* Debug */,
				CA8E00102B3477D00002273F /* Release */,
			);
			defaultConfigurationIsVisible = 0;
			defaultConfigurationName = Release;
		};
		CA8EFFFB2B3477CC0002273F /* Build configuration list for PBXProject "swiftui-fruits-app-ios16" */ = {
			isa = XCConfigurationList;
			buildConfigurations = (
				CA8E000C2B3477D00002273F /* Debug */,
				CA8E000D2B3477D00002273F /* Release */,
			);
			defaultConfigurationIsVisible = 0;
			defaultConfigurationName = Release;
		};
/* End XCConfigurationList section */
	};
	rootObject = CA8EFFF82B3477CC0002273F /* Project object */;
}
